// !$*UTF8*$!
{
	archiveVersion = 1;
	classes = {
	};
	objectVersion = 50;
	objects = {

/* Begin PBXBuildFile section */
		736266B023C3394800481C0C /* AppDelegate.swift in Sources */ = {isa = PBXBuildFile; fileRef = 736266AF23C3394800481C0C /* AppDelegate.swift */; };
		736266B223C3394800481C0C /* SceneDelegate.swift in Sources */ = {isa = PBXBuildFile; fileRef = 736266B123C3394800481C0C /* SceneDelegate.swift */; };
		736266B423C3394800481C0C /* ViewController.swift in Sources */ = {isa = PBXBuildFile; fileRef = 736266B323C3394800481C0C /* ViewController.swift */; };
		736266B723C3394800481C0C /* Main.storyboard in Resources */ = {isa = PBXBuildFile; fileRef = 736266B523C3394800481C0C /* Main.storyboard */; };
		736266BA23C3394800481C0C /* Tableview2.xcdatamodeld in Sources */ = {isa = PBXBuildFile; fileRef = 736266B823C3394800481C0C /* Tableview2.xcdatamodeld */; };
		736266BC23C3394B00481C0C /* Assets.xcassets in Resources */ = {isa = PBXBuildFile; fileRef = 736266BB23C3394B00481C0C /* Assets.xcassets */; };
		736266BF23C3394B00481C0C /* LaunchScreen.storyboard in Resources */ = {isa = PBXBuildFile; fileRef = 736266BD23C3394B00481C0C /* LaunchScreen.storyboard */; };
/* End PBXBuildFile section */

/* Begin PBXFileReference section */
		736266AC23C3394800481C0C /* Tableview2.app */ = {isa = PBXFileReference; explicitFileType = wrapper.application; includeInIndex = 0; path = Tableview2.app; sourceTree = BUILT_PRODUCTS_DIR; };
		736266AF23C3394800481C0C /* AppDelegate.swift */ = {isa = PBXFileReference; lastKnownFileType = sourcecode.swift; path = AppDelegate.swift; sourceTree = "<group>"; };
		736266B123C3394800481C0C /* SceneDelegate.swift */ = {isa = PBXFileReference; lastKnownFileType = sourcecode.swift; path = SceneDelegate.swift; sourceTree = "<group>"; };
		736266B323C3394800481C0C /* ViewController.swift */ = {isa = PBXFileReference; lastKnownFileType = sourcecode.swift; path = ViewController.swift; sourceTree = "<group>"; };
		736266B623C3394800481C0C /* Base */ = {isa = PBXFileReference; lastKnownFileType = file.storyboard; name = Base; path = Base.lproj/Main.storyboard; sourceTree = "<group>"; };
		736266B923C3394800481C0C /* Tableview2.xcdatamodel */ = {isa = PBXFileReference; lastKnownFileType = wrapper.xcdatamodel; path = Tableview2.xcdatamodel; sourceTree = "<group>"; };
		736266BB23C3394B00481C0C /* Assets.xcassets */ = {isa = PBXFileReference; lastKnownFileType = folder.assetcatalog; path = Assets.xcassets; sourceTree = "<group>"; };
		736266BE23C3394B00481C0C /* Base */ = {isa = PBXFileReference; lastKnownFileType = file.storyboard; name = Base; path = Base.lproj/LaunchScreen.storyboard; sourceTree = "<group>"; };
		736266C023C3394B00481C0C /* Info.plist */ = {isa = PBXFileReference; lastKnownFileType = text.plist.xml; path = Info.plist; sourceTree = "<group>"; };
/* End PBXFileReference section */

/* Begin PBXFrameworksBuildPhase section */
		736266A923C3394800481C0C /* Frameworks */ = {
			isa = PBXFrameworksBuildPhase;
			buildActionMask = 2147483647;
			files = (
			);
			runOnlyForDeploymentPostprocessing = 0;
		};
/* End PBXFrameworksBuildPhase section */

/* Begin PBXGroup section */
		736266A323C3394700481C0C = {
			isa = PBXGroup;
			children = (
				736266AE23C3394800481C0C /* Tableview2 */,
				736266AD23C3394800481C0C /* Products */,
			);
			sourceTree = "<group>";
		};
		736266AD23C3394800481C0C /* Products */ = {
			isa = PBXGroup;
			children = (
				736266AC23C3394800481C0C /* Tableview2.app */,
			);
			name = Products;
			sourceTree = "<group>";
		};
		736266AE23C3394800481C0C /* Tableview2 */ = {
			isa = PBXGroup;
			children = (
				736266AF23C3394800481C0C /* AppDelegate.swift */,
				736266B123C3394800481C0C /* SceneDelegate.swift */,
				736266B323C3394800481C0C /* ViewController.swift */,
				736266B523C3394800481C0C /* Main.storyboard */,
				736266BB23C3394B00481C0C /* Assets.xcassets */,
				736266BD23C3394B00481C0C /* LaunchScreen.storyboard */,
				736266C023C3394B00481C0C /* Info.plist */,
				736266B823C3394800481C0C /* Tableview2.xcdatamodeld */,
			);
			path = Tableview2;
			sourceTree = "<group>";
		};
/* End PBXGroup section */

/* Begin PBXNativeTarget section */
		736266AB23C3394800481C0C /* Tableview2 */ = {
			isa = PBXNativeTarget;
			buildConfigurationList = 736266C323C3394B00481C0C /* Build configuration list for PBXNativeTarget "Tableview2" */;
			buildPhases = (
				736266A823C3394800481C0C /* Sources */,
				736266A923C3394800481C0C /* Frameworks */,
				736266AA23C3394800481C0C /* Resources */,
			);
			buildRules = (
			);
			dependencies = (
			);
			name = Tableview2;
			productName = Tableview2;
			productReference = 736266AC23C3394800481C0C /* Tableview2.app */;
			productType = "com.apple.product-type.application";
		};
/* End PBXNativeTarget section */

/* Begin PBXProject section */
		736266A423C3394700481C0C /* Project object */ = {
			isa = PBXProject;
			attributes = {
				LastSwiftUpdateCheck = 1130;
				LastUpgradeCheck = 1130;
				ORGANIZATIONNAME = "Md. Mehedi Hasan";
				TargetAttributes = {
					736266AB23C3394800481C0C = {
						CreatedOnToolsVersion = 11.3;
					};
				};
			};
			buildConfigurationList = 736266A723C3394700481C0C /* Build configuration list for PBXProject "Tableview2" */;
			compatibilityVersion = "Xcode 9.3";
			developmentRegion = en;
			hasScannedForEncodings = 0;
			knownRegions = (
				en,
				Base,
			);
			mainGroup = 736266A323C3394700481C0C;
			productRefGroup = 736266AD23C3394800481C0C /* Products */;
			projectDirPath = "";
			projectRoot = "";
			targets = (
				736266AB23C3394800481C0C /* Tableview2 */,
			);
		};
/* End PBXProject section */

/* Begin PBXResourcesBuildPhase section */
		736266AA23C3394800481C0C /* Resources */ = {
			isa = PBXResourcesBuildPhase;
			buildActionMask = 2147483647;
			files = (
				736266BF23C3394B00481C0C /* LaunchScreen.storyboard in Resources */,
				736266BC23C3394B00481C0C /* Assets.xcassets in Resources */,
				736266B723C3394800481C0C /* Main.storyboard in Resources */,
			);
			runOnlyForDeploymentPostprocessing = 0;
		};
/* End PBXResourcesBuildPhase section */

/* Begin PBXSourcesBuildPhase section */
		736266A823C3394800481C0C /* Sources */ = {
			isa = PBXSourcesBuildPhase;
			buildActionMask = 2147483647;
			files = (
				736266BA23C3394800481C0C /* Tableview2.xcdatamodeld in Sources */,
				736266B423C3394800481C0C /* ViewController.swift in Sources */,
				736266B023C3394800481C0C /* AppDelegate.swift in Sources */,
				736266B223C3394800481C0C /* SceneDelegate.swift in Sources */,
			);
			runOnlyForDeploymentPostprocessing = 0;
		};
/* End PBXSourcesBuildPhase section */

/* Begin PBXVariantGroup section */
		736266B523C3394800481C0C /* Main.storyboard */ = {
			isa = PBXVariantGroup;
			children = (
				736266B623C3394800481C0C /* Base */,
			);
			name = Main.storyboard;
			sourceTree = "<group>";
		};
		736266BD23C3394B00481C0C /* LaunchScreen.storyboard */ = {
			isa = PBXVariantGroup;
			children = (
				736266BE23C3394B00481C0C /* Base */,
			);
			name = LaunchScreen.storyboard;
			sourceTree = "<group>";
		};
/* End PBXVariantGroup section */

/* Begin XCBuildConfiguration section */
		736266C123C3394B00481C0C /* Debug */ = {
			isa = XCBuildConfiguration;
			buildSettings = {
				ALWAYS_SEARCH_USER_PATHS = NO;
				CLANG_ANALYZER_NONNULL = YES;
				CLANG_ANALYZER_NUMBER_OBJECT_CONVERSION = YES_AGGRESSIVE;
				CLANG_CXX_LANGUAGE_STANDARD = "gnu++14";
				CLANG_CXX_LIBRARY = "libc++";
				CLANG_ENABLE_MODULES = YES;
				CLANG_ENABLE_OBJC_ARC = YES;
				CLANG_ENABLE_OBJC_WEAK = YES;
				CLANG_WARN_BLOCK_CAPTURE_AUTORELEASING = YES;
				CLANG_WARN_BOOL_CONVERSION = YES;
				CLANG_WARN_COMMA = YES;
				CLANG_WARN_CONSTANT_CONVERSION = YES;
				CLANG_WARN_DEPRECATED_OBJC_IMPLEMENTATIONS = YES;
				CLANG_WARN_DIRECT_OBJC_ISA_USAGE = YES_ERROR;
				CLANG_WARN_DOCUMENTATION_COMMENTS = YES;
				CLANG_WARN_EMPTY_BODY = YES;
				CLANG_WARN_ENUM_CONVERSION = YES;
				CLANG_WARN_INFINITE_RECURSION = YES;
				CLANG_WARN_INT_CONVERSION = YES;
				CLANG_WARN_NON_LITERAL_NULL_CONVERSION = YES;
				CLANG_WARN_OBJC_IMPLICIT_RETAIN_SELF = YES;
				CLANG_WARN_OBJC_LITERAL_CONVERSION = YES;
				CLANG_WARN_OBJC_ROOT_CLASS = YES_ERROR;
				CLANG_WARN_RANGE_LOOP_ANALYSIS = YES;
				CLANG_WARN_STRICT_PROTOTYPES = YES;
				CLANG_WARN_SUSPICIOUS_MOVE = YES;
				CLANG_WARN_UNGUARDED_AVAILABILITY = YES_AGGRESSIVE;
				CLANG_WARN_UNREACHABLE_CODE = YES;
				CLANG_WARN__DUPLICATE_METHOD_MATCH = YES;
				COPY_PHASE_STRIP = NO;
				DEBUG_INFORMATION_FORMAT = dwarf;
				ENABLE_STRICT_OBJC_MSGSEND = YES;
				ENABLE_TESTABILITY = YES;
				GCC_C_LANGUAGE_STANDARD = gnu11;
				GCC_DYNAMIC_NO_PIC = NO;
				GCC_NO_COMMON_BLOCKS = YES;
				GCC_OPTIMIZATION_LEVEL = 0;
				GCC_PREPROCESSOR_DEFINITIONS = (
					"DEBUG=1",
					"$(inherited)",
				);
				GCC_WARN_64_TO_32_BIT_CONVERSION = YES;
				GCC_WARN_ABOUT_RETURN_TYPE = YES_ERROR;
				GCC_WARN_UNDECLARED_SELECTOR = YES;
				GCC_WARN_UNINITIALIZED_AUTOS = YES_AGGRESSIVE;
				GCC_WARN_UNUSED_FUNCTION = YES;
				GCC_WARN_UNUSED_VARIABLE = YES;
				IPHONEOS_DEPLOYMENT_TARGET = 13.2;
				MTL_ENABLE_DEBUG_INFO = INCLUDE_SOURCE;
				MTL_FAST_MATH = YES;
				ONLY_ACTIVE_ARCH = YES;
				SDKROOT = iphoneos;
				SWIFT_ACTIVE_COMPILATION_CONDITIONS = DEBUG;
				SWIFT_OPTIMIZATION_LEVEL = "-Onone";
			};
			name = Debug;
		};
		736266C223C3394B00481C0C /* Release */ = {
			isa = XCBuildConfiguration;
			buildSettings = {
				ALWAYS_SEARCH_USER_PATHS = NO;
				CLANG_ANALYZER_NONNULL = YES;
				CLANG_ANALYZER_NUMBER_OBJECT_CONVERSION = YES_AGGRESSIVE;
				CLANG_CXX_LANGUAGE_STANDARD = "gnu++14";
				CLANG_CXX_LIBRARY = "libc++";
				CLANG_ENABLE_MODULES = YES;
				CLANG_ENABLE_OBJC_ARC = YES;
				CLANG_ENABLE_OBJC_WEAK = YES;
				CLANG_WARN_BLOCK_CAPTURE_AUTORELEASING = YES;
				CLANG_WARN_BOOL_CONVERSION = YES;
				CLANG_WARN_COMMA = YES;
				CLANG_WARN_CONSTANT_CONVERSION = YES;
				CLANG_WARN_DEPRECATED_OBJC_IMPLEMENTATIONS = YES;
				CLANG_WARN_DIRECT_OBJC_ISA_USAGE = YES_ERROR;
				CLANG_WARN_DOCUMENTATION_COMMENTS = YES;
				CLANG_WARN_EMPTY_BODY = YES;
				CLANG_WARN_ENUM_CONVERSION = YES;
				CLANG_WARN_INFINITE_RECURSION = YES;
				CLANG_WARN_INT_CONVERSION = YES;
				CLANG_WARN_NON_LITERAL_NULL_CONVERSION = YES;
				CLANG_WARN_OBJC_IMPLICIT_RETAIN_SELF = YES;
				CLANG_WARN_OBJC_LITERAL_CONVERSION = YES;
				CLANG_WARN_OBJC_ROOT_CLASS = YES_ERROR;
				CLANG_WARN_RANGE_LOOP_ANALYSIS = YES;
				CLANG_WARN_STRICT_PROTOTYPES = YES;
				CLANG_WARN_SUSPICIOUS_MOVE = YES;
				CLANG_WARN_UNGUARDED_AVAILABILITY = YES_AGGRESSIVE;
				CLANG_WARN_UNREACHABLE_CODE = YES;
				CLANG_WARN__DUPLICATE_METHOD_MATCH = YES;
				COPY_PHASE_STRIP = NO;
				DEBUG_INFORMATION_FORMAT = "dwarf-with-dsym";
				ENABLE_NS_ASSERTIONS = NO;
				ENABLE_STRICT_OBJC_MSGSEND = YES;
				GCC_C_LANGUAGE_STANDARD = gnu11;
				GCC_NO_COMMON_BLOCKS = YES;
				GCC_WARN_64_TO_32_BIT_CONVERSION = YES;
				GCC_WARN_ABOUT_RETURN_TYPE = YES_ERROR;
				GCC_WARN_UNDECLARED_SELECTOR = YES;
				GCC_WARN_UNINITIALIZED_AUTOS = YES_AGGRESSIVE;
				GCC_WARN_UNUSED_FUNCTION = YES;
				GCC_WARN_UNUSED_VARIABLE = YES;
				IPHONEOS_DEPLOYMENT_TARGET = 13.2;
				MTL_ENABLE_DEBUG_INFO = NO;
				MTL_FAST_MATH = YES;
				SDKROOT = iphoneos;
				SWIFT_COMPILATION_MODE = wholemodule;
				SWIFT_OPTIMIZATION_LEVEL = "-O";
				VALIDATE_PRODUCT = YES;
			};
			name = Release;
		};
		736266C423C3394B00481C0C /* Debug */ = {
			isa = XCBuildConfiguration;
			buildSettings = {
				ASSETCATALOG_COMPILER_APPICON_NAME = AppIcon;
				CODE_SIGN_STYLE = Automatic;
				INFOPLIST_FILE = Tableview2/Info.plist;
				LD_RUNPATH_SEARCH_PATHS = (
					"$(inherited)",
					"@executable_path/Frameworks",
				);
				PRODUCT_BUNDLE_IDENTIFIER = com.mehed1hasan.Tableview2;
				PRODUCT_NAME = "$(TARGET_NAME)";
				SWIFT_VERSION = 5.0;
				TARGETED_DEVICE_FAMILY = "1,2";
			};
			name = Debug;
		};
		736266C523C3394B00481C0C /* Release */ = {
			isa = XCBuildConfiguration;
			buildSettings = {
				ASSETCATALOG_COMPILER_APPICON_NAME = AppIcon;
				CODE_SIGN_STYLE = Automatic;
				INFOPLIST_FILE = Tableview2/Info.plist;
				LD_RUNPATH_SEARCH_PATHS = (
					"$(inherited)",
					"@executable_path/Frameworks",
				);
				PRODUCT_BUNDLE_IDENTIFIER = com.mehed1hasan.Tableview2;
				PRODUCT_NAME = "$(TARGET_NAME)";
				SWIFT_VERSION = 5.0;
				TARGETED_DEVICE_FAMILY = "1,2";
			};
			name = Release;
		};
/* End XCBuildConfiguration section */

/* Begin XCConfigurationList section */
		736266A723C3394700481C0C /* Build configuration list for PBXProject "Tableview2" */ = {
			isa = XCConfigurationList;
			buildConfigurations = (
				736266C123C3394B00481C0C /* Debug */,
				736266C223C3394B00481C0C /* Release */,
			);
			defaultConfigurationIsVisible = 0;
			defaultConfigurationName = Release;
		};
		736266C323C3394B00481C0C /* Build configuration list for PBXNativeTarget "Tableview2" */ = {
			isa = XCConfigurationList;
			buildConfigurations = (
				736266C423C3394B00481C0C /* Debug */,
				736266C523C3394B00481C0C /* Release */,
			);
			defaultConfigurationIsVisible = 0;
			defaultConfigurationName = Release;
		};
/* End XCConfigurationList section */

/* Begin XCVersionGroup section */
		736266B823C3394800481C0C /* Tableview2.xcdatamodeld */ = {
			isa = XCVersionGroup;
			children = (
				736266B923C3394800481C0C /* Tableview2.xcdatamodel */,
			);
			currentVersion = 736266B923C3394800481C0C /* Tableview2.xcdatamodel */;
			path = Tableview2.xcdatamodeld;
			sourceTree = "<group>";
			versionGroupType = wrapper.xcdatamodel;
		};
/* End XCVersionGroup section */
	};
	rootObject = 736266A423C3394700481C0C /* Project object */;
}
